<?xml version="1.0" encoding="utf-8"?>
<Project ToolsVersion="4.0" xmlns="http://schemas.microsoft.com/developer/msbuild/2003">
  <ItemGroup>
    <Filter Include="Source Files">
      <UniqueIdentifier>{4FC737F1-C7A5-4376-A066-2A32D752A2FF}</UniqueIdentifier>
      <Extensions>cpp;c;cc;cxx;def;odl;idl;hpj;bat;asm;asmx</Extensions>
    </Filter>
    <Filter Include="Header Files">
      <UniqueIdentifier>{93995380-89BD-4b04-88EB-625FBE52EBFB}</UniqueIdentifier>
      <Extensions>h;hh;hpp;hxx;hm;inl;inc;ipp;xsd</Extensions>
    </Filter>
    <Filter Include="Resource Files">
      <UniqueIdentifier>{67DA6AB6-F800-4c08-8B7A-83BB121AAD01}</UniqueIdentifier>
      <Extensions>rc;ico;cur;bmp;dlg;rc2;rct;bin;rgs;gif;jpg;jpeg;jpe;resx;tiff;tif;png;wav;mfcribbon-ms</Extensions>
    </Filter>
  </ItemGroup>
  <ItemGroup>
    <ClCompile Include="src\GM\Geometry\BoundingBox.cpp">
      <Filter>Source Files</Filter>
    </ClCompile>
    <ClCompile Include="src\GM\Geometry\BoundingBox2D.cpp">
      <Filter>Source Files</Filter>
    </ClCompile>
    <ClCompile Include="src\GM\Geometry\Plane.cpp">
      <Filter>Source Files</Filter>
    </ClCompile>
    <ClCompile Include="src\GM\Matrices\Matrix3.cpp">
      <Filter>Source Files</Filter>
    </ClCompile>
    <ClCompile Include="src\GM\Matrices\Matrix4.cpp">
      <Filter>Source Files</Filter>
    </ClCompile>
    <ClCompile Include="src\GM\Vectors\Vector2.cpp">
      <Filter>Source Files</Filter>
    </ClCompile>
    <ClCompile Include="src\GM\Vectors\Vector3.cpp">
      <Filter>Source Files</Filter>
    </ClCompile>
    <ClCompile Include="src\GM\Vectors\Vector4.cpp">
      <Filter>Source Files</Filter>
    </ClCompile>
    <ClCompile Include="src\GM\GMPch.cpp">
      <Filter>Source Files</Filter>
    </ClCompile>
    <ClCompile Include="src\GM\Geometry\BoxBounds.cpp">
      <Filter>Source Files</Filter>
    </ClCompile>
    <ClCompile Include="src\GM\Transformations\ProjectionMatrix.cpp">
      <Filter>Source Files</Filter>
    </ClCompile>
    <ClCompile Include="src\GM\Transformations\RotationMatrix.cpp">
      <Filter>Source Files</Filter>
    </ClCompile>
    <ClCompile Include="src\GM\Transformations\ScaleMatrix.cpp">
      <Filter>Source Files</Filter>
    </ClCompile>
    <ClCompile Include="src\GM\Transformations\TranslationMatrix.cpp">
      <Filter>Source Files</Filter>
    </ClCompile>
    <ClCompile Include="src\GM\Transformations\ViewMatrix.cpp">
      <Filter>Source Files</Filter>
    </ClCompile>
    <ClCompile Include="src\GM\Misc\Quat.cpp">
      <Filter>Source Files</Filter>
    </ClCompile>
    <ClCompile Include="src\GM\Misc\Rotator.cpp">
      <Filter>Source Files</Filter>
    </ClCompile>
  </ItemGroup>
  <ItemGroup>
    <ClInclude Include="src\GM\MathUtility.h">
      <Filter>Header Files</Filter>
    </ClInclude>
    <ClInclude Include="src\GM\Geometry\BoundingBox.h">
      <Filter>Header Files</Filter>
    </ClInclude>
    <ClInclude Include="src\GM\Geometry\BoundingBox2D.h">
      <Filter>Header Files</Filter>
    </ClInclude>
    <ClInclude Include="src\GM\Geometry\Plane.h">
      <Filter>Header Files</Filter>
    </ClInclude>
    <ClInclude Include="src\GM\Matrices\Matrix3.h">
      <Filter>Header Files</Filter>
    </ClInclude>
    <ClInclude Include="src\GM\Matrices\Matrix4.h">
      <Filter>Header Files</Filter>
    </ClInclude>
    <ClInclude Include="src\GM\Vectors\Vector2.h">
      <Filter>Header Files</Filter>
    </ClInclude>
    <ClInclude Include="src\GM\Vectors\Vector3.h">
      <Filter>Header Files</Filter>
    </ClInclude>
    <ClInclude Include="src\GM\Vectors\Vector4.h">
      <Filter>Header Files</Filter>
    </ClInclude>
    <ClInclude Include="src\GM\GMPch.h">
      <Filter>Header Files</Filter>
    </ClInclude>
    <ClInclude Include="src\GM\GraphX_Geometry.h">
      <Filter>Header Files</Filter>
    </ClInclude>
    <ClInclude Include="src\GM\GraphX_Matrices.h">
      <Filter>Header Files</Filter>
    </ClInclude>
    <ClInclude Include="src\GM\GraphX_Transform.h">
      <Filter>Header Files</Filter>
    </ClInclude>
    <ClInclude Include="src\GM\GraphX_Vectors.h">
      <Filter>Header Files</Filter>
    </ClInclude>
    <ClInclude Include="src\GraphX_Maths.h">
      <Filter>Header Files</Filter>
    </ClInclude>
    <ClInclude Include="src\GM\Geometry\BoxBounds.h">
      <Filter>Header Files</Filter>
    </ClInclude>
    <ClInclude Include="src\GM\Transformations\ProjectionMatrix.h">
      <Filter>Header Files</Filter>
    </ClInclude>
    <ClInclude Include="src\GM\Transformations\RotationMatrix.h">
      <Filter>Header Files</Filter>
    </ClInclude>
    <ClInclude Include="src\GM\Transformations\ScaleMatrix.h">
      <Filter>Header Files</Filter>
    </ClInclude>
    <ClInclude Include="src\GM\Transformations\TranslationMatrix.h">
      <Filter>Header Files</Filter>
    </ClInclude>
    <ClInclude Include="src\GM\Transformations\ViewMatrix.h">
      <Filter>Header Files</Filter>
    </ClInclude>
    <ClInclude Include="src\GM\Transformations\RotationTranslationMatrix.h">
      <Filter>Header Files</Filter>
    </ClInclude>
    <ClInclude Include="src\GM\Transformations\ScaleRotationTranslationMatrix.h">
      <Filter>Header Files</Filter>
    </ClInclude>
    <ClInclude Include="src\GM\Misc\Quat.h">
      <Filter>Header Files</Filter>
    </ClInclude>
    <ClInclude Include="src\GM\Misc\Rotator.h">
      <Filter>Header Files</Filter>
    </ClInclude>
  </ItemGroup>
</Project>