<?xml version="1.0" encoding="utf-8"?>
<Project ToolsVersion="4.0" xmlns="http://schemas.microsoft.com/developer/msbuild/2003">
  <ItemGroup>
    <Filter Include="Source Files">
      <UniqueIdentifier>{4FC737F1-C7A5-4376-A066-2A32D752A2FF}</UniqueIdentifier>
      <Extensions>cpp;c;cc;cxx;def;odl;idl;hpj;bat;asm;asmx</Extensions>
    </Filter>
    <Filter Include="Header Files">
      <UniqueIdentifier>{93995380-89BD-4b04-88EB-625FBE52EBFB}</UniqueIdentifier>
      <Extensions>h;hh;hpp;hxx;hm;inl;inc;ipp;xsd</Extensions>
    </Filter>
    <Filter Include="Resource Files">
      <UniqueIdentifier>{67DA6AB6-F800-4c08-8B7A-83BB121AAD01}</UniqueIdentifier>
      <Extensions>rc;ico;cur;bmp;dlg;rc2;rct;bin;rgs;gif;jpg;jpeg;jpe;resx;tiff;tif;png;wav;mfcribbon-ms</Extensions>
    </Filter>
  </ItemGroup>
  <ItemGroup>
    <ClCompile Include="src\vectors\Vector2.cpp">
      <Filter>Source Files</Filter>
    </ClCompile>
    <ClCompile Include="src\vectors\Vector3.cpp">
      <Filter>Source Files</Filter>
    </ClCompile>
    <ClCompile Include="src\vectors\Vector4.cpp">
      <Filter>Source Files</Filter>
    </ClCompile>
    <ClCompile Include="src\matrices\Matrix4.cpp">
      <Filter>Source Files</Filter>
    </ClCompile>
    <ClCompile Include="src\matrices\Matrix3.cpp">
      <Filter>Source Files</Filter>
    </ClCompile>
    <ClCompile Include="src\transformations\Translation.cpp">
      <Filter>Source Files</Filter>
    </ClCompile>
    <ClCompile Include="src\transformations\Rotation.cpp">
      <Filter>Source Files</Filter>
    </ClCompile>
    <ClCompile Include="src\transformations\Scaling.cpp">
      <Filter>Source Files</Filter>
    </ClCompile>
    <ClCompile Include="src\transformations\View.cpp">
      <Filter>Source Files</Filter>
    </ClCompile>
    <ClCompile Include="src\transformations\Projection.cpp">
      <Filter>Source Files</Filter>
    </ClCompile>
    <ClCompile Include="src\CommonPch.cpp">
      <Filter>Source Files</Filter>
    </ClCompile>
    <ClCompile Include="src\geometry\BoundingBox.cpp">
      <Filter>Source Files</Filter>
    </ClCompile>
    <ClCompile Include="src\geometry\BoundingBox2D.cpp">
      <Filter>Source Files</Filter>
    </ClCompile>
    <ClCompile Include="src\geometry\Plane.cpp">
      <Filter>Source Files</Filter>
    </ClCompile>
  </ItemGroup>
  <ItemGroup>
    <ClInclude Include="src\vectors\Vector2.h">
      <Filter>Header Files</Filter>
    </ClInclude>
    <ClInclude Include="src\vectors\Vector3.h">
      <Filter>Header Files</Filter>
    </ClInclude>
    <ClInclude Include="src\vectors\Vector4.h">
      <Filter>Header Files</Filter>
    </ClInclude>
    <ClInclude Include="src\matrices\Matrix4.h">
      <Filter>Header Files</Filter>
    </ClInclude>
    <ClInclude Include="src\matrices\Matrix3.h">
      <Filter>Header Files</Filter>
    </ClInclude>
    <ClInclude Include="src\transformations\Translation.h">
      <Filter>Header Files</Filter>
    </ClInclude>
    <ClInclude Include="src\transformations\Rotation.h">
      <Filter>Header Files</Filter>
    </ClInclude>
    <ClInclude Include="src\transformations\Scaling.h">
      <Filter>Header Files</Filter>
    </ClInclude>
    <ClInclude Include="src\transformations\View.h">
      <Filter>Header Files</Filter>
    </ClInclude>
    <ClInclude Include="src\transformations\Projection.h">
      <Filter>Header Files</Filter>
    </ClInclude>
    <ClInclude Include="src\GraphX_Vectors.h">
      <Filter>Header Files</Filter>
    </ClInclude>
    <ClInclude Include="src\GraphX_Maths.h">
      <Filter>Header Files</Filter>
    </ClInclude>
    <ClInclude Include="src\GraphX_Matrices.h">
      <Filter>Header Files</Filter>
    </ClInclude>
    <ClInclude Include="src\GraphX_Transform.h">
      <Filter>Header Files</Filter>
    </ClInclude>
    <ClInclude Include="src\CommonPch.h">
      <Filter>Header Files</Filter>
    </ClInclude>
    <ClInclude Include="src\MathUtility.h">
      <Filter>Header Files</Filter>
    </ClInclude>
    <ClInclude Include="src\geometry\BoundingBox.h">
      <Filter>Header Files</Filter>
    </ClInclude>
    <ClInclude Include="src\geometry\BoundingBox2D.h">
      <Filter>Header Files</Filter>
    </ClInclude>
    <ClInclude Include="src\geometry\Plane.h">
      <Filter>Header Files</Filter>
    </ClInclude>
    <ClInclude Include="src\GraphX_Geometry.h">
      <Filter>Header Files</Filter>
    </ClInclude>
  </ItemGroup>
</Project>